<?xml version="1.0" encoding="UTF-8" standalone="yes" ?>
<CodeBlocks_project_file>
	<FileVersion major="1" minor="6" />
	<Project>
		<Option title="Huffman algorithm" />
		<Option pch_mode="2" />
		<Option compiler="gcc" />
		<Build>
			<Target title="Debug">
				<Option output="bin/Debug/Huffman algorithm" prefix_auto="1" extension_auto="1" />
				<Option object_output="obj/Debug/" />
				<Option type="1" />
				<Option compiler="gcc" />
				<Compiler>
					<Add option="-g" />
				</Compiler>
			</Target>
			<Target title="Release">
				<Option output="bin/Release/Huffman algorithm" prefix_auto="1" extension_auto="1" />
				<Option object_output="obj/Release/" />
				<Option type="1" />
				<Option compiler="gcc" />
				<Compiler>
					<Add option="-O2" />
				</Compiler>
				<Linker>
					<Add option="-s" />
				</Linker>
			</Target>
		</Build>
		<Compiler>
			<Add option="-Wall" />
			<Add option="-fexceptions" />
		</Compiler>
		<Unit filename="Node.cpp">
			<Option target="Debug" />
		</Unit>
		<Unit filename="Node.h">
			<Option target="&lt;{~None~}&gt;" />
		</Unit>
		<Unit filename="NodeTree.cpp">
			<Option target="Debug" />
		</Unit>
		<Unit filename="NodeTree.h">
			<Option target="&lt;{~None~}&gt;" />
		</Unit>
		<Unit filename="Stack.cpp">
			<Option target="Debug" />
		</Unit>
		<Unit filename="Stack.h">
			<Option target="&lt;{~None~}&gt;" />
		</Unit>
		<Unit filename="Table.cpp">
			<Option target="Debug" />
		</Unit>
		<Unit filename="Table.h">
			<Option target="&lt;{~None~}&gt;" />
		</Unit>
		<Unit filename="Table_stream.cpp">
			<Option target="Debug" />
		</Unit>
		<Unit filename="Tree.cpp">
			<Option target="Debug" />
		</Unit>
		<Unit filename="Tree.h">
			<Option target="&lt;{~None~}&gt;" />
		</Unit>
		<Unit filename="Vertex.cpp">
			<Option target="Debug" />
		</Unit>
		<Unit filename="Vertex.h">
			<Option target="&lt;{~None~}&gt;" />
		</Unit>
		<Unit filename="main.cpp" />
		<Unit filename="my_bitwise.cpp">
			<Option target="Debug" />
		</Unit>
		<Unit filename="my_bitwise.h">
			<Option target="&lt;{~None~}&gt;" />
		</Unit>
		<Unit filename="tree_constructor_four.cpp">
			<Option target="Debug" />
		</Unit>
		<Unit filename="tree_constructor_one.cpp">
			<Option target="Debug" />
		</Unit>
		<Unit filename="tree_constructor_three.cpp">
			<Option target="Debug" />
		</Unit>
		<Unit filename="tree_constructor_two.cpp">
			<Option target="Debug" />
		</Unit>
		<Extensions>
			<code_completion />
			<envvars />
			<debugger />
			<lib_finder disable_auto="1" />
		</Extensions>
	</Project>
</CodeBlocks_project_file>
